// !$*UTF8*$!
{
	archiveVersion = 1;
	classes = {
	};
	objectVersion = 46;
	objects = {

/* Begin PBXBuildFile section */
		A2109CAC18B4318F00833B1B /* Foundation.framework in Frameworks */ = {isa = PBXBuildFile; fileRef = A2109CAB18B4318F00833B1B /* Foundation.framework */; };
		A2109CAE18B4318F00833B1B /* CoreGraphics.framework in Frameworks */ = {isa = PBXBuildFile; fileRef = A2109CAD18B4318F00833B1B /* CoreGraphics.framework */; };
		A2109CB018B4318F00833B1B /* UIKit.framework in Frameworks */ = {isa = PBXBuildFile; fileRef = A2109CAF18B4318F00833B1B /* UIKit.framework */; };
		A2109CB618B4318F00833B1B /* InfoPlist.strings in Resources */ = {isa = PBXBuildFile; fileRef = A2109CB418B4318F00833B1B /* InfoPlist.strings */; };
		A2109CB818B4318F00833B1B /* main.m in Sources */ = {isa = PBXBuildFile; fileRef = A2109CB718B4318F00833B1B /* main.m */; };
		A2109CBC18B4318F00833B1B /* RITAppDelegate.m in Sources */ = {isa = PBXBuildFile; fileRef = A2109CBB18B4318F00833B1B /* RITAppDelegate.m */; };
		A2109CBE18B4318F00833B1B /* Images.xcassets in Resources */ = {isa = PBXBuildFile; fileRef = A2109CBD18B4318F00833B1B /* Images.xcassets */; };
		A2109CC518B4318F00833B1B /* XCTest.framework in Frameworks */ = {isa = PBXBuildFile; fileRef = A2109CC418B4318F00833B1B /* XCTest.framework */; };
		A2109CC618B4318F00833B1B /* Foundation.framework in Frameworks */ = {isa = PBXBuildFile; fileRef = A2109CAB18B4318F00833B1B /* Foundation.framework */; };
		A2109CC718B4318F00833B1B /* UIKit.framework in Frameworks */ = {isa = PBXBuildFile; fileRef = A2109CAF18B4318F00833B1B /* UIKit.framework */; };
		A2109CCF18B4319000833B1B /* InfoPlist.strings in Resources */ = {isa = PBXBuildFile; fileRef = A2109CCD18B4319000833B1B /* InfoPlist.strings */; };
		A2109CD118B4319000833B1B /* _6TimeTestHW03Tests.m in Sources */ = {isa = PBXBuildFile; fileRef = A2109CD018B4319000833B1B /* _6TimeTestHW03Tests.m */; };
		A2109CDC18B4320600833B1B /* RITStudent.m in Sources */ = {isa = PBXBuildFile; fileRef = A2109CDB18B4320600833B1B /* RITStudent.m */; };
/* End PBXBuildFile section */

/* Begin PBXContainerItemProxy section */
		A2109CC818B4319000833B1B /* PBXContainerItemProxy */ = {
			isa = PBXContainerItemProxy;
			containerPortal = A2109CA018B4318E00833B1B /* Project object */;
			proxyType = 1;
			remoteGlobalIDString = A2109CA718B4318F00833B1B;
			remoteInfo = 16TimeTestHW03;
		};
/* End PBXContainerItemProxy section */

/* Begin PBXFileReference section */
		A2109CA818B4318F00833B1B /* 16TimeTestHW03.app */ = {isa = PBXFileReference; explicitFileType = wrapper.application; includeInIndex = 0; path = 16TimeTestHW03.app; sourceTree = BUILT_PRODUCTS_DIR; };
		A2109CAB18B4318F00833B1B /* Foundation.framework */ = {isa = PBXFileReference; lastKnownFileType = wrapper.framework; name = Foundation.framework; path = System/Library/Frameworks/Foundation.framework; sourceTree = SDKROOT; };
		A2109CAD18B4318F00833B1B /* CoreGraphics.framework */ = {isa = PBXFileReference; lastKnownFileType = wrapper.framework; name = CoreGraphics.framework; path = System/Library/Frameworks/CoreGraphics.framework; sourceTree = SDKROOT; };
		A2109CAF18B4318F00833B1B /* UIKit.framework */ = {isa = PBXFileReference; lastKnownFileType = wrapper.framework; name = UIKit.framework; path = System/Library/Frameworks/UIKit.framework; sourceTree = SDKROOT; };
		A2109CB318B4318F00833B1B /* 16TimeTestHW03-Info.plist */ = {isa = PBXFileReference; lastKnownFileType = text.plist.xml; path = "16TimeTestHW03-Info.plist"; sourceTree = "<group>"; };
		A2109CB518B4318F00833B1B /* en */ = {isa = PBXFileReference; lastKnownFileType = text.plist.strings; name = en; path = en.lproj/InfoPlist.strings; sourceTree = "<group>"; };
		A2109CB718B4318F00833B1B /* main.m */ = {isa = PBXFileReference; lastKnownFileType = sourcecode.c.objc; path = main.m; sourceTree = "<group>"; };
		A2109CB918B4318F00833B1B /* 16TimeTestHW03-Prefix.pch */ = {isa = PBXFileReference; lastKnownFileType = sourcecode.c.h; path = "16TimeTestHW03-Prefix.pch"; sourceTree = "<group>"; };
		A2109CBA18B4318F00833B1B /* RITAppDelegate.h */ = {isa = PBXFileReference; lastKnownFileType = sourcecode.c.h; path = RITAppDelegate.h; sourceTree = "<group>"; };
		A2109CBB18B4318F00833B1B /* RITAppDelegate.m */ = {isa = PBXFileReference; lastKnownFileType = sourcecode.c.objc; path = RITAppDelegate.m; sourceTree = "<group>"; };
		A2109CBD18B4318F00833B1B /* Images.xcassets */ = {isa = PBXFileReference; lastKnownFileType = folder.assetcatalog; path = Images.xcassets; sourceTree = "<group>"; };
		A2109CC318B4318F00833B1B /* 16TimeTestHW03Tests.xctest */ = {isa = PBXFileReference; explicitFileType = wrapper.cfbundle; includeInIndex = 0; path = 16TimeTestHW03Tests.xctest; sourceTree = BUILT_PRODUCTS_DIR; };
		A2109CC418B4318F00833B1B /* XCTest.framework */ = {isa = PBXFileReference; lastKnownFileType = wrapper.framework; name = XCTest.framework; path = Library/Frameworks/XCTest.framework; sourceTree = DEVELOPER_DIR; };
		A2109CCC18B4319000833B1B /* 16TimeTestHW03Tests-Info.plist */ = {isa = PBXFileReference; lastKnownFileType = text.plist.xml; path = "16TimeTestHW03Tests-Info.plist"; sourceTree = "<group>"; };
		A2109CCE18B4319000833B1B /* en */ = {isa = PBXFileReference; lastKnownFileType = text.plist.strings; name = en; path = en.lproj/InfoPlist.strings; sourceTree = "<group>"; };
		A2109CD018B4319000833B1B /* _6TimeTestHW03Tests.m */ = {isa = PBXFileReference; lastKnownFileType = sourcecode.c.objc; path = _6TimeTestHW03Tests.m; sourceTree = "<group>"; };
		A2109CDA18B4320600833B1B /* RITStudent.h */ = {isa = PBXFileReference; fileEncoding = 4; lastKnownFileType = sourcecode.c.h; path = RITStudent.h; sourceTree = "<group>"; };
		A2109CDB18B4320600833B1B /* RITStudent.m */ = {isa = PBXFileReference; fileEncoding = 4; lastKnownFileType = sourcecode.c.objc; path = RITStudent.m; sourceTree = "<group>"; };
/* End PBXFileReference section */

/* Begin PBXFrameworksBuildPhase section */
		A2109CA518B4318F00833B1B /* Frameworks */ = {
			isa = PBXFrameworksBuildPhase;
			buildActionMask = 2147483647;
			files = (
				A2109CAE18B4318F00833B1B /* CoreGraphics.framework in Frameworks */,
				A2109CB018B4318F00833B1B /* UIKit.framework in Frameworks */,
				A2109CAC18B4318F00833B1B /* Foundation.framework in Frameworks */,
			);
			runOnlyForDeploymentPostprocessing = 0;
		};
		A2109CC018B4318F00833B1B /* Frameworks */ = {
			isa = PBXFrameworksBuildPhase;
			buildActionMask = 2147483647;
			files = (
				A2109CC518B4318F00833B1B /* XCTest.framework in Frameworks */,
				A2109CC718B4318F00833B1B /* UIKit.framework in Frameworks */,
				A2109CC618B4318F00833B1B /* Foundation.framework in Frameworks */,
			);
			runOnlyForDeploymentPostprocessing = 0;
		};
/* End PBXFrameworksBuildPhase section */

/* Begin PBXGroup section */
		A2109C9F18B4318E00833B1B = {
			isa = PBXGroup;
			children = (
				A2109CB118B4318F00833B1B /* 16TimeTestHW03 */,
				A2109CCA18B4319000833B1B /* 16TimeTestHW03Tests */,
				A2109CAA18B4318F00833B1B /* Frameworks */,
				A2109CA918B4318F00833B1B /* Products */,
			);
			sourceTree = "<group>";
		};
		A2109CA918B4318F00833B1B /* Products */ = {
			isa = PBXGroup;
			children = (
				A2109CA818B4318F00833B1B /* 16TimeTestHW03.app */,
				A2109CC318B4318F00833B1B /* 16TimeTestHW03Tests.xctest */,
			);
			name = Products;
			sourceTree = "<group>";
		};
		A2109CAA18B4318F00833B1B /* Frameworks */ = {
			isa = PBXGroup;
			children = (
				A2109CAB18B4318F00833B1B /* Foundation.framework */,
				A2109CAD18B4318F00833B1B /* CoreGraphics.framework */,
				A2109CAF18B4318F00833B1B /* UIKit.framework */,
				A2109CC418B4318F00833B1B /* XCTest.framework */,
			);
			name = Frameworks;
			sourceTree = "<group>";
		};
		A2109CB118B4318F00833B1B /* 16TimeTestHW03 */ = {
			isa = PBXGroup;
			children = (
				A2109CDA18B4320600833B1B /* RITStudent.h */,
				A2109CDB18B4320600833B1B /* RITStudent.m */,
				A2109CBA18B4318F00833B1B /* RITAppDelegate.h */,
				A2109CBB18B4318F00833B1B /* RITAppDelegate.m */,
				A2109CBD18B4318F00833B1B /* Images.xcassets */,
				A2109CB218B4318F00833B1B /* Supporting Files */,
			);
			path = 16TimeTestHW03;
			sourceTree = "<group>";
		};
		A2109CB218B4318F00833B1B /* Supporting Files */ = {
			isa = PBXGroup;
			children = (
				A2109CB318B4318F00833B1B /* 16TimeTestHW03-Info.plist */,
				A2109CB418B4318F00833B1B /* InfoPlist.strings */,
				A2109CB718B4318F00833B1B /* main.m */,
				A2109CB918B4318F00833B1B /* 16TimeTestHW03-Prefix.pch */,
			);
			name = "Supporting Files";
			sourceTree = "<group>";
		};
		A2109CCA18B4319000833B1B /* 16TimeTestHW03Tests */ = {
			isa = PBXGroup;
			children = (
				A2109CD018B4319000833B1B /* _6TimeTestHW03Tests.m */,
				A2109CCB18B4319000833B1B /* Supporting Files */,
			);
			path = 16TimeTestHW03Tests;
			sourceTree = "<group>";
		};
		A2109CCB18B4319000833B1B /* Supporting Files */ = {
			isa = PBXGroup;
			children = (
				A2109CCC18B4319000833B1B /* 16TimeTestHW03Tests-Info.plist */,
				A2109CCD18B4319000833B1B /* InfoPlist.strings */,
			);
			name = "Supporting Files";
			sourceTree = "<group>";
		};
/* End PBXGroup section */

/* Begin PBXNativeTarget section */
		A2109CA718B4318F00833B1B /* 16TimeTestHW03 */ = {
			isa = PBXNativeTarget;
			buildConfigurationList = A2109CD418B4319000833B1B /* Build configuration list for PBXNativeTarget "16TimeTestHW03" */;
			buildPhases = (
				A2109CA418B4318F00833B1B /* Sources */,
				A2109CA518B4318F00833B1B /* Frameworks */,
				A2109CA618B4318F00833B1B /* Resources */,
			);
			buildRules = (
			);
			dependencies = (
			);
			name = 16TimeTestHW03;
			productName = 16TimeTestHW03;
			productReference = A2109CA818B4318F00833B1B /* 16TimeTestHW03.app */;
			productType = "com.apple.product-type.application";
		};
		A2109CC218B4318F00833B1B /* 16TimeTestHW03Tests */ = {
			isa = PBXNativeTarget;
			buildConfigurationList = A2109CD718B4319000833B1B /* Build configuration list for PBXNativeTarget "16TimeTestHW03Tests" */;
			buildPhases = (
				A2109CBF18B4318F00833B1B /* Sources */,
				A2109CC018B4318F00833B1B /* Frameworks */,
				A2109CC118B4318F00833B1B /* Resources */,
			);
			buildRules = (
			);
			dependencies = (
				A2109CC918B4319000833B1B /* PBXTargetDependency */,
			);
			name = 16TimeTestHW03Tests;
			productName = 16TimeTestHW03Tests;
			productReference = A2109CC318B4318F00833B1B /* 16TimeTestHW03Tests.xctest */;
			productType = "com.apple.product-type.bundle.unit-test";
		};
/* End PBXNativeTarget section */

/* Begin PBXProject section */
		A2109CA018B4318E00833B1B /* Project object */ = {
			isa = PBXProject;
			attributes = {
				CLASSPREFIX = RIT;
				LastUpgradeCheck = 0500;
				ORGANIZATIONNAME = "Pronin Alexander";
				TargetAttributes = {
					A2109CC218B4318F00833B1B = {
						TestTargetID = A2109CA718B4318F00833B1B;
					};
				};
			};
			buildConfigurationList = A2109CA318B4318E00833B1B /* Build configuration list for PBXProject "16TimeTestHW03" */;
			compatibilityVersion = "Xcode 3.2";
			developmentRegion = English;
			hasScannedForEncodings = 0;
			knownRegions = (
				en,
			);
			mainGroup = A2109C9F18B4318E00833B1B;
			productRefGroup = A2109CA918B4318F00833B1B /* Products */;
			projectDirPath = "";
			projectRoot = "";
			targets = (
				A2109CA718B4318F00833B1B /* 16TimeTestHW03 */,
				A2109CC218B4318F00833B1B /* 16TimeTestHW03Tests */,
			);
		};
/* End PBXProject section */

/* Begin PBXResourcesBuildPhase section */
		A2109CA618B4318F00833B1B /* Resources */ = {
			isa = PBXResourcesBuildPhase;
			buildActionMask = 2147483647;
			files = (
				A2109CB618B4318F00833B1B /* InfoPlist.strings in Resources */,
				A2109CBE18B4318F00833B1B /* Images.xcassets in Resources */,
			);
			runOnlyForDeploymentPostprocessing = 0;
		};
		A2109CC118B4318F00833B1B /* Resources */ = {
			isa = PBXResourcesBuildPhase;
			buildActionMask = 2147483647;
			files = (
				A2109CCF18B4319000833B1B /* InfoPlist.strings in Resources */,
			);
			runOnlyForDeploymentPostprocessing = 0;
		};
/* End PBXResourcesBuildPhase section */

/* Begin PBXSourcesBuildPhase section */
		A2109CA418B4318F00833B1B /* Sources */ = {
			isa = PBXSourcesBuildPhase;
			buildActionMask = 2147483647;
			files = (
				A2109CBC18B4318F00833B1B /* RITAppDelegate.m in Sources */,
				A2109CDC18B4320600833B1B /* RITStudent.m in Sources */,
				A2109CB818B4318F00833B1B /* main.m in Sources */,
			);
			runOnlyForDeploymentPostprocessing = 0;
		};
		A2109CBF18B4318F00833B1B /* Sources */ = {
			isa = PBXSourcesBuildPhase;
			buildActionMask = 2147483647;
			files = (
				A2109CD118B4319000833B1B /* _6TimeTestHW03Tests.m in Sources */,
			);
			runOnlyForDeploymentPostprocessing = 0;
		};
/* End PBXSourcesBuildPhase section */

/* Begin PBXTargetDependency section */
		A2109CC918B4319000833B1B /* PBXTargetDependency */ = {
			isa = PBXTargetDependency;
			target = A2109CA718B4318F00833B1B /* 16TimeTestHW03 */;
			targetProxy = A2109CC818B4319000833B1B /* PBXContainerItemProxy */;
		};
/* End PBXTargetDependency section */

/* Begin PBXVariantGroup section */
		A2109CB418B4318F00833B1B /* InfoPlist.strings */ = {
			isa = PBXVariantGroup;
			children = (
				A2109CB518B4318F00833B1B /* en */,
			);
			name = InfoPlist.strings;
			sourceTree = "<group>";
		};
		A2109CCD18B4319000833B1B /* InfoPlist.strings */ = {
			isa = PBXVariantGroup;
			children = (
				A2109CCE18B4319000833B1B /* en */,
			);
			name = InfoPlist.strings;
			sourceTree = "<group>";
		};
/* End PBXVariantGroup section */

/* Begin XCBuildConfiguration section */
		A2109CD218B4319000833B1B /* Debug */ = {
			isa = XCBuildConfiguration;
			buildSettings = {
				ALWAYS_SEARCH_USER_PATHS = NO;
				ARCHS = "$(ARCHS_STANDARD_INCLUDING_64_BIT)";
				CLANG_CXX_LANGUAGE_STANDARD = "gnu++0x";
				CLANG_CXX_LIBRARY = "libc++";
				CLANG_ENABLE_MODULES = YES;
				CLANG_ENABLE_OBJC_ARC = YES;
				CLANG_WARN_BOOL_CONVERSION = YES;
				CLANG_WARN_CONSTANT_CONVERSION = YES;
				CLANG_WARN_DIRECT_OBJC_ISA_USAGE = YES_ERROR;
				CLANG_WARN_EMPTY_BODY = YES;
				CLANG_WARN_ENUM_CONVERSION = YES;
				CLANG_WARN_INT_CONVERSION = YES;
				CLANG_WARN_OBJC_ROOT_CLASS = YES_ERROR;
				CLANG_WARN__DUPLICATE_METHOD_MATCH = YES;
				"CODE_SIGN_IDENTITY[sdk=iphoneos*]" = "iPhone Developer";
				COPY_PHASE_STRIP = NO;
				GCC_C_LANGUAGE_STANDARD = gnu99;
				GCC_DYNAMIC_NO_PIC = NO;
				GCC_OPTIMIZATION_LEVEL = 0;
				GCC_PREPROCESSOR_DEFINITIONS = (
					"DEBUG=1",
					"$(inherited)",
				);
				GCC_SYMBOLS_PRIVATE_EXTERN = NO;
				GCC_WARN_64_TO_32_BIT_CONVERSION = YES;
				GCC_WARN_ABOUT_RETURN_TYPE = YES_ERROR;
				GCC_WARN_UNDECLARED_SELECTOR = YES;
				GCC_WARN_UNINITIALIZED_AUTOS = YES;
				GCC_WARN_UNUSED_FUNCTION = YES;
				GCC_WARN_UNUSED_VARIABLE = YES;
				IPHONEOS_DEPLOYMENT_TARGET = 7.0;
				ONLY_ACTIVE_ARCH = YES;
				SDKROOT = iphoneos;
			};
			name = Debug;
		};
		A2109CD318B4319000833B1B /* Release */ = {
			isa = XCBuildConfiguration;
			buildSettings = {
				ALWAYS_SEARCH_USER_PATHS = NO;
				ARCHS = "$(ARCHS_STANDARD_INCLUDING_64_BIT)";
				CLANG_CXX_LANGUAGE_STANDARD = "gnu++0x";
				CLANG_CXX_LIBRARY = "libc++";
				CLANG_ENABLE_MODULES = YES;
				CLANG_ENABLE_OBJC_ARC = YES;
				CLANG_WARN_BOOL_CONVERSION = YES;
				CLANG_WARN_CONSTANT_CONVERSION = YES;
				CLANG_WARN_DIRECT_OBJC_ISA_USAGE = YES_ERROR;
				CLANG_WARN_EMPTY_BODY = YES;
				CLANG_WARN_ENUM_CONVERSION = YES;
				CLANG_WARN_INT_CONVERSION = YES;
				CLANG_WARN_OBJC_ROOT_CLASS = YES_ERROR;
				CLANG_WARN__DUPLICATE_METHOD_MATCH = YES;
				"CODE_SIGN_IDENTITY[sdk=iphoneos*]" = "iPhone Developer";
				COPY_PHASE_STRIP = YES;
				ENABLE_NS_ASSERTIONS = NO;
				GCC_C_LANGUAGE_STANDARD = gnu99;
				GCC_WARN_64_TO_32_BIT_CONVERSION = YES;
				GCC_WARN_ABOUT_RETURN_TYPE = YES_ERROR;
				GCC_WARN_UNDECLARED_SELECTOR = YES;
				GCC_WARN_UNINITIALIZED_AUTOS = YES;
				GCC_WARN_UNUSED_FUNCTION = YES;
				GCC_WARN_UNUSED_VARIABLE = YES;
				IPHONEOS_DEPLOYMENT_TARGET = 7.0;
				SDKROOT = iphoneos;
				VALIDATE_PRODUCT = YES;
			};
			name = Release;
		};
		A2109CD518B4319000833B1B /* Debug */ = {
			isa = XCBuildConfiguration;
			buildSettings = {
				ASSETCATALOG_COMPILER_APPICON_NAME = AppIcon;
				ASSETCATALOG_COMPILER_LAUNCHIMAGE_NAME = LaunchImage;
				GCC_PRECOMPILE_PREFIX_HEADER = YES;
				GCC_PREFIX_HEADER = "16TimeTestHW03/16TimeTestHW03-Prefix.pch";
				INFOPLIST_FILE = "16TimeTestHW03/16TimeTestHW03-Info.plist";
				PRODUCT_NAME = "$(TARGET_NAME)";
				WRAPPER_EXTENSION = app;
			};
			name = Debug;
		};
		A2109CD618B4319000833B1B /* Release */ = {
			isa = XCBuildConfiguration;
			buildSettings = {
				ASSETCATALOG_COMPILER_APPICON_NAME = AppIcon;
				ASSETCATALOG_COMPILER_LAUNCHIMAGE_NAME = LaunchImage;
				GCC_PRECOMPILE_PREFIX_HEADER = YES;
				GCC_PREFIX_HEADER = "16TimeTestHW03/16TimeTestHW03-Prefix.pch";
				INFOPLIST_FILE = "16TimeTestHW03/16TimeTestHW03-Info.plist";
				PRODUCT_NAME = "$(TARGET_NAME)";
				WRAPPER_EXTENSION = app;
			};
			name = Release;
		};
		A2109CD818B4319000833B1B /* Debug */ = {
			isa = XCBuildConfiguration;
			buildSettings = {
				ARCHS = "$(ARCHS_STANDARD_INCLUDING_64_BIT)";
				BUNDLE_LOADER = "$(BUILT_PRODUCTS_DIR)/16TimeTestHW03.app/16TimeTestHW03";
				FRAMEWORK_SEARCH_PATHS = (
					"$(SDKROOT)/Developer/Library/Frameworks",
					"$(inherited)",
					"$(DEVELOPER_FRAMEWORKS_DIR)",
				);
				GCC_PRECOMPILE_PREFIX_HEADER = YES;
				GCC_PREFIX_HEADER = "16TimeTestHW03/16TimeTestHW03-Prefix.pch";
				GCC_PREPROCESSOR_DEFINITIONS = (
					"DEBUG=1",
					"$(inherited)",
				);
				INFOPLIST_FILE = "16TimeTestHW03Tests/16TimeTestHW03Tests-Info.plist";
				PRODUCT_NAME = "$(TARGET_NAME)";
				TEST_HOST = "$(BUNDLE_LOADER)";
				WRAPPER_EXTENSION = xctest;
			};
			name = Debug;
		};
		A2109CD918B4319000833B1B /* Release */ = {
			isa = XCBuildConfiguration;
			buildSettings = {
				ARCHS = "$(ARCHS_STANDARD_INCLUDING_64_BIT)";
				BUNDLE_LOADER = "$(BUILT_PRODUCTS_DIR)/16TimeTestHW03.app/16TimeTestHW03";
				FRAMEWORK_SEARCH_PATHS = (
					"$(SDKROOT)/Developer/Library/Frameworks",
					"$(inherited)",
					"$(DEVELOPER_FRAMEWORKS_DIR)",
				);
				GCC_PRECOMPILE_PREFIX_HEADER = YES;
				GCC_PREFIX_HEADER = "16TimeTestHW03/16TimeTestHW03-Prefix.pch";
				INFOPLIST_FILE = "16TimeTestHW03Tests/16TimeTestHW03Tests-Info.plist";
				PRODUCT_NAME = "$(TARGET_NAME)";
				TEST_HOST = "$(BUNDLE_LOADER)";
				WRAPPER_EXTENSION = xctest;
			};
			name = Release;
		};
/* End XCBuildConfiguration section */

/* Begin XCConfigurationList section */
		A2109CA318B4318E00833B1B /* Build configuration list for PBXProject "16TimeTestHW03" */ = {
			isa = XCConfigurationList;
			buildConfigurations = (
				A2109CD218B4319000833B1B /* Debug */,
				A2109CD318B4319000833B1B /* Release */,
			);
			defaultConfigurationIsVisible = 0;
			defaultConfigurationName = Release;
		};
		A2109CD418B4319000833B1B /* Build configuration list for PBXNativeTarget "16TimeTestHW03" */ = {
			isa = XCConfigurationList;
			buildConfigurations = (
				A2109CD518B4319000833B1B /* Debug */,
				A2109CD618B4319000833B1B /* Release */,
			);
			defaultConfigurationIsVisible = 0;
		};
		A2109CD718B4319000833B1B /* Build configuration list for PBXNativeTarget "16TimeTestHW03Tests" */ = {
			isa = XCConfigurationList;
			buildConfigurations = (
				A2109CD818B4319000833B1B /* Debug */,
				A2109CD918B4319000833B1B /* Release */,
			);
			defaultConfigurationIsVisible = 0;
		};
/* End XCConfigurationList section */
	};
	rootObject = A2109CA018B4318E00833B1B /* Project object */;
}
